
Microsoft Visual Studio Solution File, Format Version 11.00
# Visual Studio 2010
Project("{2150E333-8FDC-42A3-9474-1A3956D46DE8}") = "CS", "CS", "{3435D565-013E-4459-A069-3B63828FFD08}"
EndProject
Project("{2150E333-8FDC-42A3-9474-1A3956D46DE8}") = "VB", "VB", "{B24D6AF1-3E5A-423A-909A-54C42197671D}"
EndProject
Project("{E24C65DC-7377-472B-9ABA-BC803B73C61A}") = "DataBinding", "CS\DataBinding", "{C6B3344A-75D2-40A7-BCA1-C43D74E3E3AB}"
	ProjectSection(WebsiteProperties) = preProject
		SccProjectName = ""
		SccAuxPath = ""
		SccLocalPath = ""
		SccProvider = ""
		TargetFrameworkMoniker = ".NETFramework,Version%3Dv4.0"
		Debug.AspNetCompiler.VirtualPath = "/DataBinding"
		Debug.AspNetCompiler.PhysicalPath = "CS\DataBinding\"
		Debug.AspNetCompiler.TargetPath = "PrecompiledWeb\DataBinding\"
		Debug.AspNetCompiler.Updateable = "true"
		Debug.AspNetCompiler.ForceOverwrite = "true"
		Debug.AspNetCompiler.FixedNames = "false"
		Debug.AspNetCompiler.Debug = "True"
		Release.AspNetCompiler.VirtualPath = "/DataBinding"
		Release.AspNetCompiler.PhysicalPath = "CS\DataBinding\"
		Release.AspNetCompiler.TargetPath = "PrecompiledWeb\DataBinding\"
		Release.AspNetCompiler.Updateable = "true"
		Release.AspNetCompiler.ForceOverwrite = "true"
		Release.AspNetCompiler.FixedNames = "false"
		Release.AspNetCompiler.Debug = "False"
		VWDPort = "54463"
		DefaultWebSiteLanguage = "Visual C#"
	EndProjectSection
EndProject
Project("{E24C65DC-7377-472B-9ABA-BC803B73C61A}") = "DataBinding", "VB\DataBinding", "{7A211F25-67AC-4CC8-9FAE-64674CA3713D}"
	ProjectSection(WebsiteProperties) = preProject
		SccProjectName = ""
		SccAuxPath = ""
		SccLocalPath = ""
		SccProvider = ""
		TargetFrameworkMoniker = ".NETFramework,Version%3Dv4.0"
		Debug.AspNetCompiler.VirtualPath = "/DataBinding(1)"
		Debug.AspNetCompiler.PhysicalPath = "VB\DataBinding\"
		Debug.AspNetCompiler.TargetPath = "PrecompiledWeb\DataBinding(1)\"
		Debug.AspNetCompiler.Updateable = "true"
		Debug.AspNetCompiler.ForceOverwrite = "true"
		Debug.AspNetCompiler.FixedNames = "false"
		Debug.AspNetCompiler.Debug = "True"
		Release.AspNetCompiler.VirtualPath = "/DataBinding(1)"
		Release.AspNetCompiler.PhysicalPath = "VB\DataBinding\"
		Release.AspNetCompiler.TargetPath = "PrecompiledWeb\DataBinding(1)\"
		Release.AspNetCompiler.Updateable = "true"
		Release.AspNetCompiler.ForceOverwrite = "true"
		Release.AspNetCompiler.FixedNames = "false"
		Release.AspNetCompiler.Debug = "False"
		VWDPort = "54464"
		DefaultWebSiteLanguage = "Visual Basic"
	EndProjectSection
EndProject
Global
	GlobalSection(SolutionConfigurationPlatforms) = preSolution
		Debug|Any CPU = Debug|Any CPU
	EndGlobalSection
	GlobalSection(ProjectConfigurationPlatforms) = postSolution
		{C6B3344A-75D2-40A7-BCA1-C43D74E3E3AB}.Debug|Any CPU.ActiveCfg = Debug|Any CPU
		{C6B3344A-75D2-40A7-BCA1-C43D74E3E3AB}.Debug|Any CPU.Build.0 = Debug|Any CPU
		{7A211F25-67AC-4CC8-9FAE-64674CA3713D}.Debug|Any CPU.ActiveCfg = Debug|Any CPU
		{7A211F25-67AC-4CC8-9FAE-64674CA3713D}.Debug|Any CPU.Build.0 = Debug|Any CPU
	EndGlobalSection
	GlobalSection(SolutionProperties) = preSolution
		HideSolutionNode = FALSE
	EndGlobalSection
	GlobalSection(NestedProjects) = preSolution
		{C6B3344A-75D2-40A7-BCA1-C43D74E3E3AB} = {3435D565-013E-4459-A069-3B63828FFD08}
		{7A211F25-67AC-4CC8-9FAE-64674CA3713D} = {B24D6AF1-3E5A-423A-909A-54C42197671D}
	EndGlobalSection
EndGlobal
